// !$*UTF8*$!
{
	archiveVersion = 1;
	classes = {
	};
	objectVersion = 51;
	objects = {

/* Begin PBXBuildFile section */
		107775DDD1B8940653B36717 /* ViewController.swift in Sources */ = {isa = PBXBuildFile; fileRef = 4ABF2D7F2F0DB40F4F1EF0A4 /* ViewController.swift */; };
		1FAEDA223BD1B184974099F8 /* SceneDelegate.swift in Sources */ = {isa = PBXBuildFile; fileRef = 41DCAA7CCCF1C613CC172F6E /* SceneDelegate.swift */; };
		228B4A57D61E8BC83EE3C7D9 /* PinLayout in Frameworks */ = {isa = PBXBuildFile; productRef = D911A0E1BEE26DD4AB5A31C9 /* PinLayout */; };
		24D38391E815B542F6A07EC5 /* Info.plist in Resources */ = {isa = PBXBuildFile; fileRef = 67FA0C742DADAAFFD4290B71 /* Info.plist */; };
		3A835BD213B29192735EA23B /* RxSwift in Frameworks */ = {isa = PBXBuildFile; productRef = 76089BC76FDD4031FB5DA23D /* RxSwift */; };
		412DBC82C79A7CABC22DA8FD /* Assets.xcassets in Resources */ = {isa = PBXBuildFile; fileRef = 716F2F0F78F1B38896FDF93F /* Assets.xcassets */; };
		7E4724AD731B088B8DFB2A11 /* AppDelegate.swift in Sources */ = {isa = PBXBuildFile; fileRef = 683FF1AC510D885E4ABE2770 /* AppDelegate.swift */; };
		82A64740D35956469CC341D8 /* LiarGame.xcodeproj in Resources */ = {isa = PBXBuildFile; fileRef = A5AF9993883AE1945067FE9A /* LiarGame.xcodeproj */; };
		A576FA070B050D48410B04B2 /* LaunchScreen.storyboard in Resources */ = {isa = PBXBuildFile; fileRef = 288215B799EFA22E29F0CD11 /* LaunchScreen.storyboard */; };
		AF4C146CE4E9A037B6183F9E /* FlexLayout in Frameworks */ = {isa = PBXBuildFile; productRef = A0C1ECBB4C825065FD1B5357 /* FlexLayout */; };
		D5219A4D7BFD941390083860 /* ReactorKit in Frameworks */ = {isa = PBXBuildFile; productRef = 30923EBE08EFDE8B417AC447 /* ReactorKit */; };
		F6EFE780BFA1F2037FEB051F /* Then in Frameworks */ = {isa = PBXBuildFile; productRef = C51BD14D0A87A176D5D54D09 /* Then */; };
/* End PBXBuildFile section */

/* Begin PBXFileReference section */
		41DCAA7CCCF1C613CC172F6E /* SceneDelegate.swift */ = {isa = PBXFileReference; lastKnownFileType = sourcecode.swift; path = SceneDelegate.swift; sourceTree = "<group>"; };
		4ABF2D7F2F0DB40F4F1EF0A4 /* ViewController.swift */ = {isa = PBXFileReference; lastKnownFileType = sourcecode.swift; path = ViewController.swift; sourceTree = "<group>"; };
		67FA0C742DADAAFFD4290B71 /* Info.plist */ = {isa = PBXFileReference; lastKnownFileType = text.plist; path = Info.plist; sourceTree = "<group>"; };
		683FF1AC510D885E4ABE2770 /* AppDelegate.swift */ = {isa = PBXFileReference; lastKnownFileType = sourcecode.swift; path = AppDelegate.swift; sourceTree = "<group>"; };
		716F2F0F78F1B38896FDF93F /* Assets.xcassets */ = {isa = PBXFileReference; lastKnownFileType = folder.assetcatalog; path = Assets.xcassets; sourceTree = "<group>"; };
		7B470731EC0FD40D6BD74ABD /* Project-Debug.xcconfig */ = {isa = PBXFileReference; lastKnownFileType = text.xcconfig; path = "Project-Debug.xcconfig"; sourceTree = "<group>"; };
		A5AF9993883AE1945067FE9A /* LiarGame.xcodeproj */ = {isa = PBXFileReference; lastKnownFileType = "wrapper.pb-project"; path = LiarGame.xcodeproj; sourceTree = "<group>"; };
		C53E7E40521A882C611A8C20 /* LiarGame-Release.xcconfig */ = {isa = PBXFileReference; lastKnownFileType = text.xcconfig; path = "LiarGame-Release.xcconfig"; sourceTree = "<group>"; };
		DEB0942EC4CECCE5DBF8C9B1 /* Base */ = {isa = PBXFileReference; lastKnownFileType = file.storyboard; name = Base; path = Base.lproj/LaunchScreen.storyboard; sourceTree = "<group>"; };
		E9D271A3198314B4519E98C1 /* LiarGame.app */ = {isa = PBXFileReference; includeInIndex = 0; lastKnownFileType = wrapper.application; path = LiarGame.app; sourceTree = BUILT_PRODUCTS_DIR; };
		ECCB7242B5FED33AE69967FA /* LiarGame-Debug.xcconfig */ = {isa = PBXFileReference; lastKnownFileType = text.xcconfig; path = "LiarGame-Debug.xcconfig"; sourceTree = "<group>"; };
		F327FFADD598C9962A0C3579 /* Project-Release.xcconfig */ = {isa = PBXFileReference; lastKnownFileType = text.xcconfig; path = "Project-Release.xcconfig"; sourceTree = "<group>"; };
/* End PBXFileReference section */

/* Begin PBXFrameworksBuildPhase section */
		1FE120392F3F30226FECBBCD /* Frameworks */ = {
			isa = PBXFrameworksBuildPhase;
			buildActionMask = 2147483647;
			files = (
				F6EFE780BFA1F2037FEB051F /* Then in Frameworks */,
				3A835BD213B29192735EA23B /* RxSwift in Frameworks */,
				D5219A4D7BFD941390083860 /* ReactorKit in Frameworks */,
				228B4A57D61E8BC83EE3C7D9 /* PinLayout in Frameworks */,
				AF4C146CE4E9A037B6183F9E /* FlexLayout in Frameworks */,
			);
			runOnlyForDeploymentPostprocessing = 0;
		};
/* End PBXFrameworksBuildPhase section */

/* Begin PBXGroup section */
		177DE58E2E88028C1CF5EED6 /* Application */ = {
			isa = PBXGroup;
			children = (
				683FF1AC510D885E4ABE2770 /* AppDelegate.swift */,
				41DCAA7CCCF1C613CC172F6E /* SceneDelegate.swift */,
			);
			path = Application;
			sourceTree = "<group>";
		};
		3E7F94D1D1C515F65124CDD1 /* xcconfig */ = {
			isa = PBXGroup;
			children = (
				ECCB7242B5FED33AE69967FA /* LiarGame-Debug.xcconfig */,
				C53E7E40521A882C611A8C20 /* LiarGame-Release.xcconfig */,
				7B470731EC0FD40D6BD74ABD /* Project-Debug.xcconfig */,
				F327FFADD598C9962A0C3579 /* Project-Release.xcconfig */,
			);
			path = xcconfig;
			sourceTree = "<group>";
		};
		7A889060F41AB70EC038FD20 /* Resources */ = {
			isa = PBXGroup;
			children = (
				716F2F0F78F1B38896FDF93F /* Assets.xcassets */,
				67FA0C742DADAAFFD4290B71 /* Info.plist */,
				288215B799EFA22E29F0CD11 /* LaunchScreen.storyboard */,
			);
			path = Resources;
			sourceTree = "<group>";
		};
		852EE971CFD47EBA5D227657 = {
			isa = PBXGroup;
			children = (
				F9379FAF573F58433C78BDDE /* LiarGame */,
				3E7F94D1D1C515F65124CDD1 /* xcconfig */,
				960B0C419441B9393275A35E /* Products */,
			);
			sourceTree = "<group>";
		};
		960B0C419441B9393275A35E /* Products */ = {
			isa = PBXGroup;
			children = (
				E9D271A3198314B4519E98C1 /* LiarGame.app */,
			);
			name = Products;
			sourceTree = "<group>";
		};
		AAA24F7A81817CED01BA717D /* Sources */ = {
			isa = PBXGroup;
			children = (
				4ABF2D7F2F0DB40F4F1EF0A4 /* ViewController.swift */,
			);
			path = Sources;
			sourceTree = "<group>";
		};
		CA1D53C111776A925DFC791D /* LiarGame */ = {
			isa = PBXGroup;
			children = (
				177DE58E2E88028C1CF5EED6 /* Application */,
				7A889060F41AB70EC038FD20 /* Resources */,
				AAA24F7A81817CED01BA717D /* Sources */,
			);
			path = LiarGame;
			sourceTree = "<group>";
		};
		F9379FAF573F58433C78BDDE /* LiarGame */ = {
			isa = PBXGroup;
			children = (
				A5AF9993883AE1945067FE9A /* LiarGame.xcodeproj */,
				CA1D53C111776A925DFC791D /* LiarGame */,
			);
			path = LiarGame;
			sourceTree = "<group>";
		};
/* End PBXGroup section */

/* Begin PBXNativeTarget section */
		D8C48C2AA029FF2BC8074A63 /* LiarGame */ = {
			isa = PBXNativeTarget;
			buildConfigurationList = 745F0B2B4317FF90CD5B1820 /* Build configuration list for PBXNativeTarget "LiarGame" */;
			buildPhases = (
				2264592E55B53551B6AD3DC1 /* Sources */,
				90075A87BD4FCA19405BF618 /* Resources */,
				1FE120392F3F30226FECBBCD /* Frameworks */,
			);
			buildRules = (
			);
			dependencies = (
			);
			name = LiarGame;
			packageProductDependencies = (
				C51BD14D0A87A176D5D54D09 /* Then */,
				76089BC76FDD4031FB5DA23D /* RxSwift */,
				30923EBE08EFDE8B417AC447 /* ReactorKit */,
				D911A0E1BEE26DD4AB5A31C9 /* PinLayout */,
				A0C1ECBB4C825065FD1B5357 /* FlexLayout */,
			);
			productName = LiarGame;
			productReference = E9D271A3198314B4519E98C1 /* LiarGame.app */;
			productType = "com.apple.product-type.application";
		};
/* End PBXNativeTarget section */

/* Begin PBXProject section */
		E998A819D080F02393D1E72E /* Project object */ = {
			isa = PBXProject;
			attributes = {
				LastUpgradeCheck = 1200;
				TargetAttributes = {
					D8C48C2AA029FF2BC8074A63 = {
						DevelopmentTeam = ATSSYJGN7N;
						ProvisioningStyle = Automatic;
					};
				};
			};
			buildConfigurationList = 068C02E75D4B5BC13AA870FA /* Build configuration list for PBXProject "LiarGame" */;
			compatibilityVersion = "Xcode 10.0";
			developmentRegion = en;
			hasScannedForEncodings = 0;
			knownRegions = (
				Base,
				en,
			);
			mainGroup = 852EE971CFD47EBA5D227657;
			packageReferences = (
				0E327B4AD84491E4DF82EFB5 /* XCRemoteSwiftPackageReference "FlexLayout" */,
				1C45872DEE4EF57921E07952 /* XCRemoteSwiftPackageReference "PinLayout" */,
				90FE3F8DBCE18C84C49CFFA5 /* XCRemoteSwiftPackageReference "ReactorKit" */,
				2AAD3F055AD749CA69F4E783 /* XCRemoteSwiftPackageReference "RxSwift" */,
				F5A507796E95A4F97CF11C58 /* XCRemoteSwiftPackageReference "RxSwift" */,
				11C7365B5EFA79A1A9D04BFF /* XCRemoteSwiftPackageReference "RxSwift" */,
				1DC8998E464866755E6DA022 /* XCRemoteSwiftPackageReference "Then" */,
			);
			projectDirPath = "";
			projectRoot = "";
			targets = (
				D8C48C2AA029FF2BC8074A63 /* LiarGame */,
			);
		};
/* End PBXProject section */

/* Begin PBXResourcesBuildPhase section */
		90075A87BD4FCA19405BF618 /* Resources */ = {
			isa = PBXResourcesBuildPhase;
			buildActionMask = 2147483647;
			files = (
				412DBC82C79A7CABC22DA8FD /* Assets.xcassets in Resources */,
				24D38391E815B542F6A07EC5 /* Info.plist in Resources */,
				A576FA070B050D48410B04B2 /* LaunchScreen.storyboard in Resources */,
				82A64740D35956469CC341D8 /* LiarGame.xcodeproj in Resources */,
			);
			runOnlyForDeploymentPostprocessing = 0;
		};
/* End PBXResourcesBuildPhase section */

/* Begin PBXSourcesBuildPhase section */
		2264592E55B53551B6AD3DC1 /* Sources */ = {
			isa = PBXSourcesBuildPhase;
			buildActionMask = 2147483647;
			files = (
				7E4724AD731B088B8DFB2A11 /* AppDelegate.swift in Sources */,
				1FAEDA223BD1B184974099F8 /* SceneDelegate.swift in Sources */,
				107775DDD1B8940653B36717 /* ViewController.swift in Sources */,
			);
			runOnlyForDeploymentPostprocessing = 0;
		};
/* End PBXSourcesBuildPhase section */

/* Begin PBXVariantGroup section */
		288215B799EFA22E29F0CD11 /* LaunchScreen.storyboard */ = {
			isa = PBXVariantGroup;
			children = (
				DEB0942EC4CECCE5DBF8C9B1 /* Base */,
			);
			name = LaunchScreen.storyboard;
			sourceTree = "<group>";
		};
/* End PBXVariantGroup section */

/* Begin XCBuildConfiguration section */
		0F35EEE1E823F8CB9B429392 /* Debug */ = {
			isa = XCBuildConfiguration;
			baseConfigurationReference = ECCB7242B5FED33AE69967FA /* LiarGame-Debug.xcconfig */;
			buildSettings = {
				CODE_SIGN_IDENTITY = "iPhone Developer";
				INFOPLIST_FILE = LiarGame/Resources/Info.plist;
				PRODUCT_BUNDLE_IDENTIFIER = Jay.LiarGameme;
			};
			name = Debug;
		};
		9D2540A43F150BD1B1D7D1B1 /* Release */ = {
			isa = XCBuildConfiguration;
			baseConfigurationReference = C53E7E40521A882C611A8C20 /* LiarGame-Release.xcconfig */;
			buildSettings = {
				CODE_SIGN_IDENTITY = "iPhone Developer";
				INFOPLIST_FILE = LiarGame/Resources/Info.plist;
				PRODUCT_BUNDLE_IDENTIFIER = Jay.LiarGameme;
			};
			name = Release;
		};
		B0FBF8B230A97CCD1935268B /* Debug */ = {
			isa = XCBuildConfiguration;
			baseConfigurationReference = 7B470731EC0FD40D6BD74ABD /* Project-Debug.xcconfig */;
			buildSettings = {
				PRODUCT_NAME = "$(TARGET_NAME)";
				SWIFT_VERSION = 5.0;
			};
			name = Debug;
		};
		CBCD13BE998DCE1485B7B7D6 /* Release */ = {
			isa = XCBuildConfiguration;
			baseConfigurationReference = F327FFADD598C9962A0C3579 /* Project-Release.xcconfig */;
			buildSettings = {
				PRODUCT_NAME = "$(TARGET_NAME)";
				SWIFT_VERSION = 5.0;
			};
			name = Release;
		};
/* End XCBuildConfiguration section */

/* Begin XCConfigurationList section */
		068C02E75D4B5BC13AA870FA /* Build configuration list for PBXProject "LiarGame" */ = {
			isa = XCConfigurationList;
			buildConfigurations = (
				B0FBF8B230A97CCD1935268B /* Debug */,
				CBCD13BE998DCE1485B7B7D6 /* Release */,
			);
			defaultConfigurationIsVisible = 0;
			defaultConfigurationName = Debug;
		};
		745F0B2B4317FF90CD5B1820 /* Build configuration list for PBXNativeTarget "LiarGame" */ = {
			isa = XCConfigurationList;
			buildConfigurations = (
				0F35EEE1E823F8CB9B429392 /* Debug */,
				9D2540A43F150BD1B1D7D1B1 /* Release */,
			);
			defaultConfigurationIsVisible = 0;
			defaultConfigurationName = Debug;
		};
/* End XCConfigurationList section */

/* Begin XCRemoteSwiftPackageReference section */
		0E327B4AD84491E4DF82EFB5 /* XCRemoteSwiftPackageReference "FlexLayout" */ = {
			isa = XCRemoteSwiftPackageReference;
			repositoryURL = "https://github.com/layoutBox/FlexLayout";
			requirement = {
				kind = upToNextMajorVersion;
				minimumVersion = 1.3.24;
			};
		};
		11C7365B5EFA79A1A9D04BFF /* XCRemoteSwiftPackageReference "RxSwift" */ = {
			isa = XCRemoteSwiftPackageReference;
			repositoryURL = "https://github.com/ReactiveX/RxSwift";
			requirement = {
				kind = upToNextMajorVersion;
				minimumVersion = 6.5.0;
			};
		};
		1C45872DEE4EF57921E07952 /* XCRemoteSwiftPackageReference "PinLayout" */ = {
			isa = XCRemoteSwiftPackageReference;
			repositoryURL = "https://github.com/layoutBox/PinLayout";
			requirement = {
				kind = upToNextMajorVersion;
				minimumVersion = 1.9.4;
			};
		};
		1DC8998E464866755E6DA022 /* XCRemoteSwiftPackageReference "Then" */ = {
			isa = XCRemoteSwiftPackageReference;
			repositoryURL = "https://github.com/devxoul/Then";
			requirement = {
				kind = upToNextMajorVersion;
				minimumVersion = 2.7.0;
			};
		};
		2AAD3F055AD749CA69F4E783 /* XCRemoteSwiftPackageReference "RxSwift" */ = {
			isa = XCRemoteSwiftPackageReference;
			repositoryURL = "https://github.com/ReactiveX/RxSwift";
			requirement = {
				kind = upToNextMajorVersion;
				minimumVersion = 6.5.0;
			};
		};
		90FE3F8DBCE18C84C49CFFA5 /* XCRemoteSwiftPackageReference "ReactorKit" */ = {
			isa = XCRemoteSwiftPackageReference;
			repositoryURL = "https://github.com/ReactorKit/ReactorKit";
			requirement = {
				kind = upToNextMajorVersion;
				minimumVersion = 3.2.0;
			};
		};
		F5A507796E95A4F97CF11C58 /* XCRemoteSwiftPackageReference "RxSwift" */ = {
			isa = XCRemoteSwiftPackageReference;
			repositoryURL = "https://github.com/ReactiveX/RxSwift";
			requirement = {
				kind = upToNextMajorVersion;
				minimumVersion = 6.5.0;
			};
		};
/* End XCRemoteSwiftPackageReference section */

/* Begin XCSwiftPackageProductDependency section */
		30923EBE08EFDE8B417AC447 /* ReactorKit */ = {
			isa = XCSwiftPackageProductDependency;
			package = 90FE3F8DBCE18C84C49CFFA5 /* XCRemoteSwiftPackageReference "ReactorKit" */;
			productName = ReactorKit;
		};
		76089BC76FDD4031FB5DA23D /* RxSwift */ = {
			isa = XCSwiftPackageProductDependency;
			package = 11C7365B5EFA79A1A9D04BFF /* XCRemoteSwiftPackageReference "RxSwift" */;
			productName = RxSwift;
		};
		A0C1ECBB4C825065FD1B5357 /* FlexLayout */ = {
			isa = XCSwiftPackageProductDependency;
			package = 0E327B4AD84491E4DF82EFB5 /* XCRemoteSwiftPackageReference "FlexLayout" */;
			productName = FlexLayout;
		};
		C51BD14D0A87A176D5D54D09 /* Then */ = {
			isa = XCSwiftPackageProductDependency;
			package = 1DC8998E464866755E6DA022 /* XCRemoteSwiftPackageReference "Then" */;
			productName = Then;
		};
		D911A0E1BEE26DD4AB5A31C9 /* PinLayout */ = {
			isa = XCSwiftPackageProductDependency;
			package = 1C45872DEE4EF57921E07952 /* XCRemoteSwiftPackageReference "PinLayout" */;
			productName = PinLayout;
		};
/* End XCSwiftPackageProductDependency section */
	};
	rootObject = E998A819D080F02393D1E72E /* Project object */;
}
